
Microsoft Visual Studio Solution File, Format Version 12.00
# Visual Studio 15
VisualStudioVersion = 15.0.27428.1
MinimumVisualStudioVersion = 10.0.40219.1
Project("{FAE04EC0-301F-11D3-BF4B-00C04F79EFBC}") = "BackEndLibrary", "BackEndLibrary\BackEndLibrary.csproj", "{E7B3F1B7-81FE-4FDE-8E2F-C0BF6DDE8DD3}"
EndProject
Project("{FAE04EC0-301F-11D3-BF4B-00C04F79EFBC}") = "FrontEnd", "FrontEnd\FrontEnd.csproj", "{C211F208-361B-4616-A0E6-534B48F74AF9}"
EndProject
Project("{FAE04EC0-301F-11D3-BF4B-00C04F79EFBC}") = "Cue_BannerLibrary", "Cue_BannerLibrary\Cue_BannerLibrary.csproj", "{6877F966-DD24-4944-B4F7-99CF52B7362D}"
EndProject
Project("{2150E333-8FDC-42A3-9474-1A3956D46DE8}") = "Solution Items", "Solution Items", "{D16CE10D-C92B-4544-9963-D99752ECEF89}"
	ProjectSection(SolutionItems) = preProject
		readme.md = readme.md
	EndProjectSection
EndProject
Project("{2150E333-8FDC-42A3-9474-1A3956D46DE8}") = "Libraries", "Libraries", "{D7B9C214-3FAF-4013-9693-36781D0D5A98}"
EndProject
Project("{2150E333-8FDC-42A3-9474-1A3956D46DE8}") = "UserInterface", "UserInterface", "{9309FAFC-A1A9-41B4-BC5C-29E30397B59E}"
EndProject
Global
	GlobalSection(SolutionConfigurationPlatforms) = preSolution
		Debug|Any CPU = Debug|Any CPU
		Release|Any CPU = Release|Any CPU
	EndGlobalSection
	GlobalSection(ProjectConfigurationPlatforms) = postSolution
		{E7B3F1B7-81FE-4FDE-8E2F-C0BF6DDE8DD3}.Debug|Any CPU.ActiveCfg = Debug|Any CPU
		{E7B3F1B7-81FE-4FDE-8E2F-C0BF6DDE8DD3}.Debug|Any CPU.Build.0 = Debug|Any CPU
		{E7B3F1B7-81FE-4FDE-8E2F-C0BF6DDE8DD3}.Release|Any CPU.ActiveCfg = Release|Any CPU
		{E7B3F1B7-81FE-4FDE-8E2F-C0BF6DDE8DD3}.Release|Any CPU.Build.0 = Release|Any CPU
		{C211F208-361B-4616-A0E6-534B48F74AF9}.Debug|Any CPU.ActiveCfg = Debug|Any CPU
		{C211F208-361B-4616-A0E6-534B48F74AF9}.Debug|Any CPU.Build.0 = Debug|Any CPU
		{C211F208-361B-4616-A0E6-534B48F74AF9}.Release|Any CPU.ActiveCfg = Release|Any CPU
		{C211F208-361B-4616-A0E6-534B48F74AF9}.Release|Any CPU.Build.0 = Release|Any CPU
		{6877F966-DD24-4944-B4F7-99CF52B7362D}.Debug|Any CPU.ActiveCfg = Debug|Any CPU
		{6877F966-DD24-4944-B4F7-99CF52B7362D}.Debug|Any CPU.Build.0 = Debug|Any CPU
		{6877F966-DD24-4944-B4F7-99CF52B7362D}.Release|Any CPU.ActiveCfg = Release|Any CPU
		{6877F966-DD24-4944-B4F7-99CF52B7362D}.Release|Any CPU.Build.0 = Release|Any CPU
	EndGlobalSection
	GlobalSection(SolutionProperties) = preSolution
		HideSolutionNode = FALSE
	EndGlobalSection
	GlobalSection(NestedProjects) = preSolution
		{E7B3F1B7-81FE-4FDE-8E2F-C0BF6DDE8DD3} = {D7B9C214-3FAF-4013-9693-36781D0D5A98}
		{C211F208-361B-4616-A0E6-534B48F74AF9} = {9309FAFC-A1A9-41B4-BC5C-29E30397B59E}
		{6877F966-DD24-4944-B4F7-99CF52B7362D} = {D7B9C214-3FAF-4013-9693-36781D0D5A98}
	EndGlobalSection
	GlobalSection(ExtensibilityGlobals) = postSolution
		SolutionGuid = {05D0CCBF-DBC1-4A13-9705-545171B13370}
	EndGlobalSection
EndGlobal
